<?xml version="1.0" encoding="utf-8"?>
<Project ToolsVersion="4.0" xmlns="http://schemas.microsoft.com/developer/msbuild/2003">
  <ItemGroup>
    <Filter Include="Include">
      <UniqueIdentifier>{93995380-89BD-4b04-88EB-625FBE52EBFB}</UniqueIdentifier>
      <Extensions>h;hh;hpp;hxx;h++;hm;inl;inc;ipp;xsd</Extensions>
    </Filter>
    <Filter Include="main">
      <UniqueIdentifier>{4FC737F1-C7A5-4376-A066-2A32D752A2FF}</UniqueIdentifier>
      <Extensions>cpp;c;cc;cxx;c++;cppm;ixx;def;odl;idl;hpj;bat;asm;asmx</Extensions>
    </Filter>
    <Filter Include="Include\ImGui">
      <UniqueIdentifier>{3f2ec8f7-d94a-44c6-b29b-0f0257ea93e7}</UniqueIdentifier>
    </Filter>
    <Filter Include="Include\ImGui\D3DX9">
      <UniqueIdentifier>{593f354c-6214-46c8-8614-9ecd24d2b37c}</UniqueIdentifier>
    </Filter>
    <Filter Include="Include\Encryption">
      <UniqueIdentifier>{4011e674-2208-4585-aa10-679cbae19290}</UniqueIdentifier>
    </Filter>
    <Filter Include="main\Interface">
      <UniqueIdentifier>{85db6ec3-aff6-403e-8156-56cbe57e35a1}</UniqueIdentifier>
    </Filter>
    <Filter Include="Include\Driver">
      <UniqueIdentifier>{9c01e196-9831-4465-88d7-30d57421e3f8}</UniqueIdentifier>
    </Filter>
    <Filter Include="main\Struct">
      <UniqueIdentifier>{6555b0db-1687-48e6-9d92-9fd8f5968377}</UniqueIdentifier>
    </Filter>
    <Filter Include="mouse">
      <UniqueIdentifier>{bb340f5d-5c2d-4fb3-9636-fc7b4f53c093}</UniqueIdentifier>
    </Filter>
  </ItemGroup>
  <ItemGroup>
    <ClCompile Include="main.cpp">
      <Filter>main</Filter>
    </ClCompile>
    <ClCompile Include="ImGui\imgui.cpp">
      <Filter>Include\ImGui</Filter>
    </ClCompile>
    <ClCompile Include="ImGui\imgui_demo.cpp">
      <Filter>Include\ImGui</Filter>
    </ClCompile>
    <ClCompile Include="ImGui\imgui_draw.cpp">
      <Filter>Include\ImGui</Filter>
    </ClCompile>
    <ClCompile Include="ImGui\imgui_impl_dx9.cpp">
      <Filter>Include\ImGui</Filter>
    </ClCompile>
    <ClCompile Include="ImGui\imgui_impl_win32.cpp">
      <Filter>Include\ImGui</Filter>
    </ClCompile>
    <ClCompile Include="ImGui\imgui_widgets.cpp">
      <Filter>Include\ImGui</Filter>
    </ClCompile>
    <ClCompile Include="ImGui\Snow.cpp">
      <Filter>Include\ImGui</Filter>
    </ClCompile>
  </ItemGroup>
  <ItemGroup>
    <ClInclude Include="main.h">
      <Filter>main</Filter>
    </ClInclude>
    <ClInclude Include="ImGui\D3DX9\d3dx9.h">
      <Filter>Include\ImGui\D3DX9</Filter>
    </ClInclude>
    <ClInclude Include="ImGui\D3DX9\d3dx9anim.h">
      <Filter>Include\ImGui\D3DX9</Filter>
    </ClInclude>
    <ClInclude Include="ImGui\D3DX9\d3dx9core.h">
      <Filter>Include\ImGui\D3DX9</Filter>
    </ClInclude>
    <ClInclude Include="ImGui\D3DX9\d3dx9effect.h">
      <Filter>Include\ImGui\D3DX9</Filter>
    </ClInclude>
    <ClInclude Include="ImGui\D3DX9\d3dx9math.h">
      <Filter>Include\ImGui\D3DX9</Filter>
    </ClInclude>
    <ClInclude Include="ImGui\D3DX9\d3dx9mesh.h">
      <Filter>Include\ImGui\D3DX9</Filter>
    </ClInclude>
    <ClInclude Include="ImGui\D3DX9\d3dx9shader.h">
      <Filter>Include\ImGui\D3DX9</Filter>
    </ClInclude>
    <ClInclude Include="ImGui\D3DX9\d3dx9shape.h">
      <Filter>Include\ImGui\D3DX9</Filter>
    </ClInclude>
    <ClInclude Include="ImGui\D3DX9\d3dx9tex.h">
      <Filter>Include\ImGui\D3DX9</Filter>
    </ClInclude>
    <ClInclude Include="ImGui\D3DX9\d3dx9xof.h">
      <Filter>Include\ImGui\D3DX9</Filter>
    </ClInclude>
    <ClInclude Include="Encryption\Li.h">
      <Filter>Include\Encryption</Filter>
    </ClInclude>
    <ClInclude Include="Encryption\SpoofCall.h">
      <Filter>Include\Encryption</Filter>
    </ClInclude>
    <ClInclude Include="Encryption\XorCrypt.h">
      <Filter>Include\Encryption</Filter>
    </ClInclude>
    <ClInclude Include="Encryption\XorStr.h">
      <Filter>Include\Encryption</Filter>
    </ClInclude>
    <ClInclude Include="ImGui.h">
      <Filter>main\Interface</Filter>
    </ClInclude>
    <ClInclude Include="Driver.h">
      <Filter>Include\Driver</Filter>
    </ClInclude>
    <ClInclude Include="Include.h">
      <Filter>Include</Filter>
    </ClInclude>
    <ClInclude Include="Struct.h">
      <Filter>main\Struct</Filter>
    </ClInclude>
    <ClInclude Include="ImGui\Fonts.h">
      <Filter>Include\ImGui</Filter>
    </ClInclude>
    <ClInclude Include="ImGui\imconfig.h">
      <Filter>Include\ImGui</Filter>
    </ClInclude>
    <ClInclude Include="ImGui\imgui.h">
      <Filter>Include\ImGui</Filter>
    </ClInclude>
    <ClInclude Include="ImGui\imgui_impl_dx9.h">
      <Filter>Include\ImGui</Filter>
    </ClInclude>
    <ClInclude Include="ImGui\imgui_impl_win32.h">
      <Filter>Include\ImGui</Filter>
    </ClInclude>
    <ClInclude Include="ImGui\imgui_internal.h">
      <Filter>Include\ImGui</Filter>
    </ClInclude>
    <ClInclude Include="ImGui\imstb_rectpack.h">
      <Filter>Include\ImGui</Filter>
    </ClInclude>
    <ClInclude Include="ImGui\imstb_textedit.h">
      <Filter>Include\ImGui</Filter>
    </ClInclude>
    <ClInclude Include="ImGui\imstb_truetype.h">
      <Filter>Include\ImGui</Filter>
    </ClInclude>
    <ClInclude Include="ImGui\Snow.hpp">
      <Filter>Include\ImGui</Filter>
    </ClInclude>
    <ClInclude Include="ImGui\ImageBytes.h">
      <Filter>Include\ImGui</Filter>
    </ClInclude>
    <ClInclude Include="ImGui\ImageRender.h">
      <Filter>Include\ImGui</Filter>
    </ClInclude>
    <ClInclude Include="Menu.h">
      <Filter>main\Interface</Filter>
    </ClInclude>
    <ClInclude Include="ImGui\stb_image.h">
      <Filter>Include\ImGui</Filter>
    </ClInclude>
    <ClInclude Include="mouse\lib.hpp">
      <Filter>mouse</Filter>
    </ClInclude>
  </ItemGroup>
  <ItemGroup>
    <Library Include="ImGui\D3DX9\d3dx9.lib">
      <Filter>Include\ImGui\D3DX9</Filter>
    </Library>
    <Library Include="mouse\SonyDriverHelper.lib">
      <Filter>mouse</Filter>
    </Library>
  </ItemGroup>
  <ItemGroup>
    <None Include="ImGui\D3DX9\d3dx9math.inl">
      <Filter>Include\ImGui\D3DX9</Filter>
    </None>
  </ItemGroup>
</Project>